
Microsoft Visual Studio Solution File, Format Version 12.00
# Visual Studio Version 17
VisualStudioVersion = 17.2.32630.192
MinimumVisualStudioVersion = 10.0.40219.1
Project("{2150E333-8FDC-42A3-9474-1A3956D46DE8}") = "src", "src", "{A7F931DD-B39C-494D-9FC3-E6A695EDD742}"
EndProject
Project("{2150E333-8FDC-42A3-9474-1A3956D46DE8}") = "tests", "tests", "{3C9E074D-CFA5-4BC1-B82A-91E1EF9F1DFC}"
EndProject
Project("{9A19103F-16F7-4668-BE54-9A1E7A4F7556}") = "Domain", "src\Domain\Domain.csproj", "{C0C8B0AC-2E5D-4F89-8199-2564F717619B}"
EndProject
Project("{9A19103F-16F7-4668-BE54-9A1E7A4F7556}") = "Domain.UnitTests", "tests\Domain.UnitTests\Domain.UnitTests.csproj", "{5869D0C7-6A69-469A-ABF3-0740DA017A1A}"
EndProject
Project("{9A19103F-16F7-4668-BE54-9A1E7A4F7556}") = "Application", "src\Application\Application.csproj", "{1640D018-CC8D-4B95-82AA-75BAAC0A8F2C}"
EndProject
Project("{9A19103F-16F7-4668-BE54-9A1E7A4F7556}") = "Application.UnitTests", "tests\Application.UnitTests\Application.UnitTests.csproj", "{D28C8E80-6652-471E-B5E4-D22DD8D471FC}"
EndProject
Project("{2150E333-8FDC-42A3-9474-1A3956D46DE8}") = "Shared", "Shared", "{AC956325-4D02-4593-9642-00B7DEBF01CA}"
EndProject
Project("{9A19103F-16F7-4668-BE54-9A1E7A4F7556}") = "SharedKernel", "SharedKernel\SharedKernel.csproj", "{CB608309-A150-4E9A-9743-5221CEF84A6D}"
EndProject
Project("{9A19103F-16F7-4668-BE54-9A1E7A4F7556}") = "Infrastructure", "src\Infrastructure\Infrastructure.csproj", "{F4B9EE2D-9009-4B68-BD62-D97BECCC9EA3}"
EndProject
Project("{9A19103F-16F7-4668-BE54-9A1E7A4F7556}") = "WebApi", "src\WebApi\WebApi.csproj", "{FF09BB3E-C5B3-4991-8EA5-94AA97E4AED0}"
EndProject
Global
	GlobalSection(SolutionConfigurationPlatforms) = preSolution
		Debug|Any CPU = Debug|Any CPU
		Release|Any CPU = Release|Any CPU
	EndGlobalSection
	GlobalSection(ProjectConfigurationPlatforms) = postSolution
		{C0C8B0AC-2E5D-4F89-8199-2564F717619B}.Debug|Any CPU.ActiveCfg = Debug|Any CPU
		{C0C8B0AC-2E5D-4F89-8199-2564F717619B}.Debug|Any CPU.Build.0 = Debug|Any CPU
		{C0C8B0AC-2E5D-4F89-8199-2564F717619B}.Release|Any CPU.ActiveCfg = Release|Any CPU
		{C0C8B0AC-2E5D-4F89-8199-2564F717619B}.Release|Any CPU.Build.0 = Release|Any CPU
		{5869D0C7-6A69-469A-ABF3-0740DA017A1A}.Debug|Any CPU.ActiveCfg = Debug|Any CPU
		{5869D0C7-6A69-469A-ABF3-0740DA017A1A}.Debug|Any CPU.Build.0 = Debug|Any CPU
		{5869D0C7-6A69-469A-ABF3-0740DA017A1A}.Release|Any CPU.ActiveCfg = Release|Any CPU
		{5869D0C7-6A69-469A-ABF3-0740DA017A1A}.Release|Any CPU.Build.0 = Release|Any CPU
		{1640D018-CC8D-4B95-82AA-75BAAC0A8F2C}.Debug|Any CPU.ActiveCfg = Debug|Any CPU
		{1640D018-CC8D-4B95-82AA-75BAAC0A8F2C}.Debug|Any CPU.Build.0 = Debug|Any CPU
		{1640D018-CC8D-4B95-82AA-75BAAC0A8F2C}.Release|Any CPU.ActiveCfg = Release|Any CPU
		{1640D018-CC8D-4B95-82AA-75BAAC0A8F2C}.Release|Any CPU.Build.0 = Release|Any CPU
		{D28C8E80-6652-471E-B5E4-D22DD8D471FC}.Debug|Any CPU.ActiveCfg = Debug|Any CPU
		{D28C8E80-6652-471E-B5E4-D22DD8D471FC}.Debug|Any CPU.Build.0 = Debug|Any CPU
		{D28C8E80-6652-471E-B5E4-D22DD8D471FC}.Release|Any CPU.ActiveCfg = Release|Any CPU
		{D28C8E80-6652-471E-B5E4-D22DD8D471FC}.Release|Any CPU.Build.0 = Release|Any CPU
		{CB608309-A150-4E9A-9743-5221CEF84A6D}.Debug|Any CPU.ActiveCfg = Debug|Any CPU
		{CB608309-A150-4E9A-9743-5221CEF84A6D}.Debug|Any CPU.Build.0 = Debug|Any CPU
		{CB608309-A150-4E9A-9743-5221CEF84A6D}.Release|Any CPU.ActiveCfg = Release|Any CPU
		{CB608309-A150-4E9A-9743-5221CEF84A6D}.Release|Any CPU.Build.0 = Release|Any CPU
		{F4B9EE2D-9009-4B68-BD62-D97BECCC9EA3}.Debug|Any CPU.ActiveCfg = Debug|Any CPU
		{F4B9EE2D-9009-4B68-BD62-D97BECCC9EA3}.Debug|Any CPU.Build.0 = Debug|Any CPU
		{F4B9EE2D-9009-4B68-BD62-D97BECCC9EA3}.Release|Any CPU.ActiveCfg = Release|Any CPU
		{F4B9EE2D-9009-4B68-BD62-D97BECCC9EA3}.Release|Any CPU.Build.0 = Release|Any CPU
		{FF09BB3E-C5B3-4991-8EA5-94AA97E4AED0}.Debug|Any CPU.ActiveCfg = Debug|Any CPU
		{FF09BB3E-C5B3-4991-8EA5-94AA97E4AED0}.Debug|Any CPU.Build.0 = Debug|Any CPU
		{FF09BB3E-C5B3-4991-8EA5-94AA97E4AED0}.Release|Any CPU.ActiveCfg = Release|Any CPU
		{FF09BB3E-C5B3-4991-8EA5-94AA97E4AED0}.Release|Any CPU.Build.0 = Release|Any CPU
	EndGlobalSection
	GlobalSection(SolutionProperties) = preSolution
		HideSolutionNode = FALSE
	EndGlobalSection
	GlobalSection(NestedProjects) = preSolution
		{C0C8B0AC-2E5D-4F89-8199-2564F717619B} = {A7F931DD-B39C-494D-9FC3-E6A695EDD742}
		{5869D0C7-6A69-469A-ABF3-0740DA017A1A} = {3C9E074D-CFA5-4BC1-B82A-91E1EF9F1DFC}
		{1640D018-CC8D-4B95-82AA-75BAAC0A8F2C} = {A7F931DD-B39C-494D-9FC3-E6A695EDD742}
		{D28C8E80-6652-471E-B5E4-D22DD8D471FC} = {3C9E074D-CFA5-4BC1-B82A-91E1EF9F1DFC}
		{CB608309-A150-4E9A-9743-5221CEF84A6D} = {AC956325-4D02-4593-9642-00B7DEBF01CA}
		{F4B9EE2D-9009-4B68-BD62-D97BECCC9EA3} = {A7F931DD-B39C-494D-9FC3-E6A695EDD742}
		{FF09BB3E-C5B3-4991-8EA5-94AA97E4AED0} = {A7F931DD-B39C-494D-9FC3-E6A695EDD742}
	EndGlobalSection
	GlobalSection(ExtensibilityGlobals) = postSolution
		SolutionGuid = {06E6CC87-70C4-47B5-B82A-F428E5317E0E}
	EndGlobalSection
EndGlobal
